// !$*UTF8*$!
{
	archiveVersion = 1;
	classes = {
	};
	objectVersion = 46;
	objects = {

/* Begin PBXBuildFile section */
		BFE5668D1CA713890047945C /* AppDelegate.swift in Sources */ = {isa = PBXBuildFile; fileRef = BFE5668C1CA713890047945C /* AppDelegate.swift */; };
		BFE5668F1CA713890047945C /* ViewController.swift in Sources */ = {isa = PBXBuildFile; fileRef = BFE5668E1CA713890047945C /* ViewController.swift */; };
		BFE566921CA713890047945C /* Main.storyboard in Resources */ = {isa = PBXBuildFile; fileRef = BFE566901CA713890047945C /* Main.storyboard */; };
		BFE566941CA7138A0047945C /* Assets.xcassets in Resources */ = {isa = PBXBuildFile; fileRef = BFE566931CA7138A0047945C /* Assets.xcassets */; };
		BFE566971CA7138A0047945C /* LaunchScreen.storyboard in Resources */ = {isa = PBXBuildFile; fileRef = BFE566951CA7138A0047945C /* LaunchScreen.storyboard */; };
		BFE566A21CA9E9220047945C /* MapViewController.swift in Sources */ = {isa = PBXBuildFile; fileRef = BFE566A11CA9E9220047945C /* MapViewController.swift */; };
		BFE566A41CA9FD3D0047945C /* TableViewController.swift in Sources */ = {isa = PBXBuildFile; fileRef = BFE566A31CA9FD3D0047945C /* TableViewController.swift */; };
		BFE566A61CAA00080047945C /* StudentLocation.swift in Sources */ = {isa = PBXBuildFile; fileRef = BFE566A51CAA00080047945C /* StudentLocation.swift */; };
		BFE566A81CAA035F0047945C /* StudentLocationViewCell.swift in Sources */ = {isa = PBXBuildFile; fileRef = BFE566A71CAA035F0047945C /* StudentLocationViewCell.swift */; };
		BFE566AA1CAA169A0047945C /* GCDBlackBox.swift in Sources */ = {isa = PBXBuildFile; fileRef = BFE566A91CAA169A0047945C /* GCDBlackBox.swift */; };
/* End PBXBuildFile section */

/* Begin PBXFileReference section */
		BFE566891CA713880047945C /* On the Map.app */ = {isa = PBXFileReference; explicitFileType = wrapper.application; includeInIndex = 0; path = "On the Map.app"; sourceTree = BUILT_PRODUCTS_DIR; };
		BFE5668C1CA713890047945C /* AppDelegate.swift */ = {isa = PBXFileReference; lastKnownFileType = sourcecode.swift; path = AppDelegate.swift; sourceTree = "<group>"; };
		BFE5668E1CA713890047945C /* ViewController.swift */ = {isa = PBXFileReference; lastKnownFileType = sourcecode.swift; path = ViewController.swift; sourceTree = "<group>"; };
		BFE566911CA713890047945C /* Base */ = {isa = PBXFileReference; lastKnownFileType = file.storyboard; name = Base; path = Base.lproj/Main.storyboard; sourceTree = "<group>"; };
		BFE566931CA7138A0047945C /* Assets.xcassets */ = {isa = PBXFileReference; lastKnownFileType = folder.assetcatalog; path = Assets.xcassets; sourceTree = "<group>"; };
		BFE566961CA7138A0047945C /* Base */ = {isa = PBXFileReference; lastKnownFileType = file.storyboard; name = Base; path = Base.lproj/LaunchScreen.storyboard; sourceTree = "<group>"; };
		BFE566981CA7138A0047945C /* Info.plist */ = {isa = PBXFileReference; lastKnownFileType = text.plist.xml; path = Info.plist; sourceTree = "<group>"; };
		BFE566A11CA9E9220047945C /* MapViewController.swift */ = {isa = PBXFileReference; fileEncoding = 4; lastKnownFileType = sourcecode.swift; path = MapViewController.swift; sourceTree = "<group>"; };
		BFE566A31CA9FD3D0047945C /* TableViewController.swift */ = {isa = PBXFileReference; fileEncoding = 4; lastKnownFileType = sourcecode.swift; path = TableViewController.swift; sourceTree = "<group>"; };
		BFE566A51CAA00080047945C /* StudentLocation.swift */ = {isa = PBXFileReference; fileEncoding = 4; lastKnownFileType = sourcecode.swift; path = StudentLocation.swift; sourceTree = "<group>"; };
		BFE566A71CAA035F0047945C /* StudentLocationViewCell.swift */ = {isa = PBXFileReference; fileEncoding = 4; lastKnownFileType = sourcecode.swift; path = StudentLocationViewCell.swift; sourceTree = "<group>"; };
		BFE566A91CAA169A0047945C /* GCDBlackBox.swift */ = {isa = PBXFileReference; fileEncoding = 4; lastKnownFileType = sourcecode.swift; path = GCDBlackBox.swift; sourceTree = "<group>"; };
/* End PBXFileReference section */

/* Begin PBXFrameworksBuildPhase section */
		BFE566861CA713870047945C /* Frameworks */ = {
			isa = PBXFrameworksBuildPhase;
			buildActionMask = 2147483647;
			files = (
			);
			runOnlyForDeploymentPostprocessing = 0;
		};
/* End PBXFrameworksBuildPhase section */

/* Begin PBXGroup section */
		BFE566801CA713870047945C = {
			isa = PBXGroup;
			children = (
				BFE5668B1CA713890047945C /* On the Map */,
				BFE5668A1CA713880047945C /* Products */,
			);
			sourceTree = "<group>";
		};
		BFE5668A1CA713880047945C /* Products */ = {
			isa = PBXGroup;
			children = (
				BFE566891CA713880047945C /* On the Map.app */,
			);
			name = Products;
			sourceTree = "<group>";
		};
		BFE5668B1CA713890047945C /* On the Map */ = {
			isa = PBXGroup;
			children = (
				BFE566A01CA9E8CC0047945C /* Model */,
				BFE5669F1CA9E8C80047945C /* View */,
				BFE5669E1CA9E8C30047945C /* Controller */,
				BFE5668C1CA713890047945C /* AppDelegate.swift */,
				BFE5668E1CA713890047945C /* ViewController.swift */,
				BFE566901CA713890047945C /* Main.storyboard */,
				BFE566931CA7138A0047945C /* Assets.xcassets */,
				BFE566951CA7138A0047945C /* LaunchScreen.storyboard */,
				BFE566981CA7138A0047945C /* Info.plist */,
				BFE566A91CAA169A0047945C /* GCDBlackBox.swift */,
			);
			path = "On the Map";
			sourceTree = "<group>";
		};
		BFE5669E1CA9E8C30047945C /* Controller */ = {
			isa = PBXGroup;
			children = (
				BFE566A11CA9E9220047945C /* MapViewController.swift */,
				BFE566A31CA9FD3D0047945C /* TableViewController.swift */,
				BFE566A71CAA035F0047945C /* StudentLocationViewCell.swift */,
			);
			name = Controller;
			sourceTree = "<group>";
		};
		BFE5669F1CA9E8C80047945C /* View */ = {
			isa = PBXGroup;
			children = (
			);
			name = View;
			sourceTree = "<group>";
		};
		BFE566A01CA9E8CC0047945C /* Model */ = {
			isa = PBXGroup;
			children = (
				BFE566A51CAA00080047945C /* StudentLocation.swift */,
			);
			name = Model;
			sourceTree = "<group>";
		};
/* End PBXGroup section */

/* Begin PBXNativeTarget section */
		BFE566881CA713870047945C /* On the Map */ = {
			isa = PBXNativeTarget;
			buildConfigurationList = BFE5669B1CA7138A0047945C /* Build configuration list for PBXNativeTarget "On the Map" */;
			buildPhases = (
				BFE566851CA713870047945C /* Sources */,
				BFE566861CA713870047945C /* Frameworks */,
				BFE566871CA713870047945C /* Resources */,
			);
			buildRules = (
			);
			dependencies = (
			);
			name = "On the Map";
			productName = "On the Map";
			productReference = BFE566891CA713880047945C /* On the Map.app */;
			productType = "com.apple.product-type.application";
		};
/* End PBXNativeTarget section */

/* Begin PBXProject section */
		BFE566811CA713870047945C /* Project object */ = {
			isa = PBXProject;
			attributes = {
				LastSwiftUpdateCheck = 0730;
				LastUpgradeCheck = 0730;
				ORGANIZATIONNAME = "Allen Czerwinski";
				TargetAttributes = {
					BFE566881CA713870047945C = {
						CreatedOnToolsVersion = 7.3;
					};
				};
			};
			buildConfigurationList = BFE566841CA713870047945C /* Build configuration list for PBXProject "On the Map" */;
			compatibilityVersion = "Xcode 3.2";
			developmentRegion = English;
			hasScannedForEncodings = 0;
			knownRegions = (
				en,
				Base,
			);
			mainGroup = BFE566801CA713870047945C;
			productRefGroup = BFE5668A1CA713880047945C /* Products */;
			projectDirPath = "";
			projectRoot = "";
			targets = (
				BFE566881CA713870047945C /* On the Map */,
			);
		};
/* End PBXProject section */

/* Begin PBXResourcesBuildPhase section */
		BFE566871CA713870047945C /* Resources */ = {
			isa = PBXResourcesBuildPhase;
			buildActionMask = 2147483647;
			files = (
				BFE566971CA7138A0047945C /* LaunchScreen.storyboard in Resources */,
				BFE566941CA7138A0047945C /* Assets.xcassets in Resources */,
				BFE566921CA713890047945C /* Main.storyboard in Resources */,
			);
			runOnlyForDeploymentPostprocessing = 0;
		};
/* End PBXResourcesBuildPhase section */

/* Begin PBXSourcesBuildPhase section */
		BFE566851CA713870047945C /* Sources */ = {
			isa = PBXSourcesBuildPhase;
			buildActionMask = 2147483647;
			files = (
				BFE566A81CAA035F0047945C /* StudentLocationViewCell.swift in Sources */,
				BFE5668F1CA713890047945C /* ViewController.swift in Sources */,
				BFE566A21CA9E9220047945C /* MapViewController.swift in Sources */,
				BFE5668D1CA713890047945C /* AppDelegate.swift in Sources */,
				BFE566A61CAA00080047945C /* StudentLocation.swift in Sources */,
				BFE566A41CA9FD3D0047945C /* TableViewController.swift in Sources */,
				BFE566AA1CAA169A0047945C /* GCDBlackBox.swift in Sources */,
			);
			runOnlyForDeploymentPostprocessing = 0;
		};
/* End PBXSourcesBuildPhase section */

/* Begin PBXVariantGroup section */
		BFE566901CA713890047945C /* Main.storyboard */ = {
			isa = PBXVariantGroup;
			children = (
				BFE566911CA713890047945C /* Base */,
			);
			name = Main.storyboard;
			sourceTree = "<group>";
		};
		BFE566951CA7138A0047945C /* LaunchScreen.storyboard */ = {
			isa = PBXVariantGroup;
			children = (
				BFE566961CA7138A0047945C /* Base */,
			);
			name = LaunchScreen.storyboard;
			sourceTree = "<group>";
		};
/* End PBXVariantGroup section */

/* Begin XCBuildConfiguration section */
		BFE566991CA7138A0047945C /* Debug */ = {
			isa = XCBuildConfiguration;
			buildSettings = {
				ALWAYS_SEARCH_USER_PATHS = NO;
				CLANG_ANALYZER_NONNULL = YES;
				CLANG_CXX_LANGUAGE_STANDARD = "gnu++0x";
				CLANG_CXX_LIBRARY = "libc++";
				CLANG_ENABLE_MODULES = YES;
				CLANG_ENABLE_OBJC_ARC = YES;
				CLANG_WARN_BOOL_CONVERSION = YES;
				CLANG_WARN_CONSTANT_CONVERSION = YES;
				CLANG_WARN_DIRECT_OBJC_ISA_USAGE = YES_ERROR;
				CLANG_WARN_EMPTY_BODY = YES;
				CLANG_WARN_ENUM_CONVERSION = YES;
				CLANG_WARN_INT_CONVERSION = YES;
				CLANG_WARN_OBJC_ROOT_CLASS = YES_ERROR;
				CLANG_WARN_UNREACHABLE_CODE = YES;
				CLANG_WARN__DUPLICATE_METHOD_MATCH = YES;
				"CODE_SIGN_IDENTITY[sdk=iphoneos*]" = "iPhone Developer";
				COPY_PHASE_STRIP = NO;
				DEBUG_INFORMATION_FORMAT = dwarf;
				ENABLE_STRICT_OBJC_MSGSEND = YES;
				ENABLE_TESTABILITY = YES;
				GCC_C_LANGUAGE_STANDARD = gnu99;
				GCC_DYNAMIC_NO_PIC = NO;
				GCC_NO_COMMON_BLOCKS = YES;
				GCC_OPTIMIZATION_LEVEL = 0;
				GCC_PREPROCESSOR_DEFINITIONS = (
					"DEBUG=1",
					"$(inherited)",
				);
				GCC_WARN_64_TO_32_BIT_CONVERSION = YES;
				GCC_WARN_ABOUT_RETURN_TYPE = YES_ERROR;
				GCC_WARN_UNDECLARED_SELECTOR = YES;
				GCC_WARN_UNINITIALIZED_AUTOS = YES_AGGRESSIVE;
				GCC_WARN_UNUSED_FUNCTION = YES;
				GCC_WARN_UNUSED_VARIABLE = YES;
				IPHONEOS_DEPLOYMENT_TARGET = 9.3;
				MTL_ENABLE_DEBUG_INFO = YES;
				ONLY_ACTIVE_ARCH = YES;
				SDKROOT = iphoneos;
				SWIFT_OPTIMIZATION_LEVEL = "-Onone";
				TARGETED_DEVICE_FAMILY = "1,2";
			};
			name = Debug;
		};
		BFE5669A1CA7138A0047945C /* Release */ = {
			isa = XCBuildConfiguration;
			buildSettings = {
				ALWAYS_SEARCH_USER_PATHS = NO;
				CLANG_ANALYZER_NONNULL = YES;
				CLANG_CXX_LANGUAGE_STANDARD = "gnu++0x";
				CLANG_CXX_LIBRARY = "libc++";
				CLANG_ENABLE_MODULES = YES;
				CLANG_ENABLE_OBJC_ARC = YES;
				CLANG_WARN_BOOL_CONVERSION = YES;
				CLANG_WARN_CONSTANT_CONVERSION = YES;
				CLANG_WARN_DIRECT_OBJC_ISA_USAGE = YES_ERROR;
				CLANG_WARN_EMPTY_BODY = YES;
				CLANG_WARN_ENUM_CONVERSION = YES;
				CLANG_WARN_INT_CONVERSION = YES;
				CLANG_WARN_OBJC_ROOT_CLASS = YES_ERROR;
				CLANG_WARN_UNREACHABLE_CODE = YES;
				CLANG_WARN__DUPLICATE_METHOD_MATCH = YES;
				"CODE_SIGN_IDENTITY[sdk=iphoneos*]" = "iPhone Developer";
				COPY_PHASE_STRIP = NO;
				DEBUG_INFORMATION_FORMAT = "dwarf-with-dsym";
				ENABLE_NS_ASSERTIONS = NO;
				ENABLE_STRICT_OBJC_MSGSEND = YES;
				GCC_C_LANGUAGE_STANDARD = gnu99;
				GCC_NO_COMMON_BLOCKS = YES;
				GCC_WARN_64_TO_32_BIT_CONVERSION = YES;
				GCC_WARN_ABOUT_RETURN_TYPE = YES_ERROR;
				GCC_WARN_UNDECLARED_SELECTOR = YES;
				GCC_WARN_UNINITIALIZED_AUTOS = YES_AGGRESSIVE;
				GCC_WARN_UNUSED_FUNCTION = YES;
				GCC_WARN_UNUSED_VARIABLE = YES;
				IPHONEOS_DEPLOYMENT_TARGET = 9.3;
				MTL_ENABLE_DEBUG_INFO = NO;
				SDKROOT = iphoneos;
				TARGETED_DEVICE_FAMILY = "1,2";
				VALIDATE_PRODUCT = YES;
			};
			name = Release;
		};
		BFE5669C1CA7138A0047945C /* Debug */ = {
			isa = XCBuildConfiguration;
			buildSettings = {
				ASSETCATALOG_COMPILER_APPICON_NAME = AppIcon;
				INFOPLIST_FILE = "On the Map/Info.plist";
				LD_RUNPATH_SEARCH_PATHS = "$(inherited) @executable_path/Frameworks";
				PRODUCT_BUNDLE_IDENTIFIER = "com.gmail.allen.czerwinski.On-the-Map";
				PRODUCT_NAME = "$(TARGET_NAME)";
			};
			name = Debug;
		};
		BFE5669D1CA7138A0047945C /* Release */ = {
			isa = XCBuildConfiguration;
			buildSettings = {
				ASSETCATALOG_COMPILER_APPICON_NAME = AppIcon;
				INFOPLIST_FILE = "On the Map/Info.plist";
				LD_RUNPATH_SEARCH_PATHS = "$(inherited) @executable_path/Frameworks";
				PRODUCT_BUNDLE_IDENTIFIER = "com.gmail.allen.czerwinski.On-the-Map";
				PRODUCT_NAME = "$(TARGET_NAME)";
			};
			name = Release;
		};
/* End XCBuildConfiguration section */

/* Begin XCConfigurationList section */
		BFE566841CA713870047945C /* Build configuration list for PBXProject "On the Map" */ = {
			isa = XCConfigurationList;
			buildConfigurations = (
				BFE566991CA7138A0047945C /* Debug */,
				BFE5669A1CA7138A0047945C /* Release */,
			);
			defaultConfigurationIsVisible = 0;
			defaultConfigurationName = Release;
		};
		BFE5669B1CA7138A0047945C /* Build configuration list for PBXNativeTarget "On the Map" */ = {
			isa = XCConfigurationList;
			buildConfigurations = (
				BFE5669C1CA7138A0047945C /* Debug */,
				BFE5669D1CA7138A0047945C /* Release */,
			);
			defaultConfigurationIsVisible = 0;
		};
/* End XCConfigurationList section */
	};
	rootObject = BFE566811CA713870047945C /* Project object */;
}
