// !$*UTF8*$!
{
	archiveVersion = 1;
	classes = {
	};
	objectVersion = 46;
	objects = {

/* Begin PBXBuildFile section */
		BFFC3DDE1C81526D00A11209 /* AppDelegate.swift in Sources */ = {isa = PBXBuildFile; fileRef = BFFC3DDD1C81526D00A11209 /* AppDelegate.swift */; };
		BFFC3DE01C81526D00A11209 /* ViewController.swift in Sources */ = {isa = PBXBuildFile; fileRef = BFFC3DDF1C81526D00A11209 /* ViewController.swift */; };
		BFFC3DE31C81526D00A11209 /* Main.storyboard in Resources */ = {isa = PBXBuildFile; fileRef = BFFC3DE11C81526D00A11209 /* Main.storyboard */; };
		BFFC3DE51C81526D00A11209 /* Assets.xcassets in Resources */ = {isa = PBXBuildFile; fileRef = BFFC3DE41C81526D00A11209 /* Assets.xcassets */; };
		BFFC3DE81C81526D00A11209 /* LaunchScreen.storyboard in Resources */ = {isa = PBXBuildFile; fileRef = BFFC3DE61C81526D00A11209 /* LaunchScreen.storyboard */; };
		BFFC3DF01C83D74B00A11209 /* PlaySoundsViewController.swift in Sources */ = {isa = PBXBuildFile; fileRef = BFFC3DEF1C83D74B00A11209 /* PlaySoundsViewController.swift */; };
/* End PBXBuildFile section */

/* Begin PBXFileReference section */
		BFFC3DDA1C81526D00A11209 /* Pitch Perfect.app */ = {isa = PBXFileReference; explicitFileType = wrapper.application; includeInIndex = 0; path = "Pitch Perfect.app"; sourceTree = BUILT_PRODUCTS_DIR; };
		BFFC3DDD1C81526D00A11209 /* AppDelegate.swift */ = {isa = PBXFileReference; lastKnownFileType = sourcecode.swift; path = AppDelegate.swift; sourceTree = "<group>"; };
		BFFC3DDF1C81526D00A11209 /* ViewController.swift */ = {isa = PBXFileReference; lastKnownFileType = sourcecode.swift; path = ViewController.swift; sourceTree = "<group>"; };
		BFFC3DE21C81526D00A11209 /* Base */ = {isa = PBXFileReference; lastKnownFileType = file.storyboard; name = Base; path = Base.lproj/Main.storyboard; sourceTree = "<group>"; };
		BFFC3DE41C81526D00A11209 /* Assets.xcassets */ = {isa = PBXFileReference; lastKnownFileType = folder.assetcatalog; path = Assets.xcassets; sourceTree = "<group>"; };
		BFFC3DE71C81526D00A11209 /* Base */ = {isa = PBXFileReference; lastKnownFileType = file.storyboard; name = Base; path = Base.lproj/LaunchScreen.storyboard; sourceTree = "<group>"; };
		BFFC3DE91C81526D00A11209 /* Info.plist */ = {isa = PBXFileReference; lastKnownFileType = text.plist.xml; path = Info.plist; sourceTree = "<group>"; };
		BFFC3DEF1C83D74B00A11209 /* PlaySoundsViewController.swift */ = {isa = PBXFileReference; fileEncoding = 4; lastKnownFileType = sourcecode.swift; path = PlaySoundsViewController.swift; sourceTree = "<group>"; };
/* End PBXFileReference section */

/* Begin PBXFrameworksBuildPhase section */
		BFFC3DD71C81526D00A11209 /* Frameworks */ = {
			isa = PBXFrameworksBuildPhase;
			buildActionMask = 2147483647;
			files = (
			);
			runOnlyForDeploymentPostprocessing = 0;
		};
/* End PBXFrameworksBuildPhase section */

/* Begin PBXGroup section */
		BFFC3DD11C81526D00A11209 = {
			isa = PBXGroup;
			children = (
				BFFC3DDC1C81526D00A11209 /* Pitch Perfect */,
				BFFC3DDB1C81526D00A11209 /* Products */,
			);
			sourceTree = "<group>";
		};
		BFFC3DDB1C81526D00A11209 /* Products */ = {
			isa = PBXGroup;
			children = (
				BFFC3DDA1C81526D00A11209 /* Pitch Perfect.app */,
			);
			name = Products;
			sourceTree = "<group>";
		};
		BFFC3DDC1C81526D00A11209 /* Pitch Perfect */ = {
			isa = PBXGroup;
			children = (
				BFFC3DDD1C81526D00A11209 /* AppDelegate.swift */,
				BFFC3DDF1C81526D00A11209 /* ViewController.swift */,
				BFFC3DE11C81526D00A11209 /* Main.storyboard */,
				BFFC3DE41C81526D00A11209 /* Assets.xcassets */,
				BFFC3DE61C81526D00A11209 /* LaunchScreen.storyboard */,
				BFFC3DE91C81526D00A11209 /* Info.plist */,
				BFFC3DEF1C83D74B00A11209 /* PlaySoundsViewController.swift */,
			);
			path = "Pitch Perfect";
			sourceTree = "<group>";
		};
/* End PBXGroup section */

/* Begin PBXNativeTarget section */
		BFFC3DD91C81526D00A11209 /* Pitch Perfect */ = {
			isa = PBXNativeTarget;
			buildConfigurationList = BFFC3DEC1C81526E00A11209 /* Build configuration list for PBXNativeTarget "Pitch Perfect" */;
			buildPhases = (
				BFFC3DD61C81526D00A11209 /* Sources */,
				BFFC3DD71C81526D00A11209 /* Frameworks */,
				BFFC3DD81C81526D00A11209 /* Resources */,
			);
			buildRules = (
			);
			dependencies = (
			);
			name = "Pitch Perfect";
			productName = "Pitch Perfect";
			productReference = BFFC3DDA1C81526D00A11209 /* Pitch Perfect.app */;
			productType = "com.apple.product-type.application";
		};
/* End PBXNativeTarget section */

/* Begin PBXProject section */
		BFFC3DD21C81526D00A11209 /* Project object */ = {
			isa = PBXProject;
			attributes = {
				LastSwiftUpdateCheck = 0720;
				LastUpgradeCheck = 0720;
				ORGANIZATIONNAME = "Allen Czerwinski";
				TargetAttributes = {
					BFFC3DD91C81526D00A11209 = {
						CreatedOnToolsVersion = 7.2;
					};
				};
			};
			buildConfigurationList = BFFC3DD51C81526D00A11209 /* Build configuration list for PBXProject "Pitch Perfect" */;
			compatibilityVersion = "Xcode 3.2";
			developmentRegion = English;
			hasScannedForEncodings = 0;
			knownRegions = (
				en,
				Base,
			);
			mainGroup = BFFC3DD11C81526D00A11209;
			productRefGroup = BFFC3DDB1C81526D00A11209 /* Products */;
			projectDirPath = "";
			projectRoot = "";
			targets = (
				BFFC3DD91C81526D00A11209 /* Pitch Perfect */,
			);
		};
/* End PBXProject section */

/* Begin PBXResourcesBuildPhase section */
		BFFC3DD81C81526D00A11209 /* Resources */ = {
			isa = PBXResourcesBuildPhase;
			buildActionMask = 2147483647;
			files = (
				BFFC3DE81C81526D00A11209 /* LaunchScreen.storyboard in Resources */,
				BFFC3DE51C81526D00A11209 /* Assets.xcassets in Resources */,
				BFFC3DE31C81526D00A11209 /* Main.storyboard in Resources */,
			);
			runOnlyForDeploymentPostprocessing = 0;
		};
/* End PBXResourcesBuildPhase section */

/* Begin PBXSourcesBuildPhase section */
		BFFC3DD61C81526D00A11209 /* Sources */ = {
			isa = PBXSourcesBuildPhase;
			buildActionMask = 2147483647;
			files = (
				BFFC3DE01C81526D00A11209 /* ViewController.swift in Sources */,
				BFFC3DF01C83D74B00A11209 /* PlaySoundsViewController.swift in Sources */,
				BFFC3DDE1C81526D00A11209 /* AppDelegate.swift in Sources */,
			);
			runOnlyForDeploymentPostprocessing = 0;
		};
/* End PBXSourcesBuildPhase section */

/* Begin PBXVariantGroup section */
		BFFC3DE11C81526D00A11209 /* Main.storyboard */ = {
			isa = PBXVariantGroup;
			children = (
				BFFC3DE21C81526D00A11209 /* Base */,
			);
			name = Main.storyboard;
			sourceTree = "<group>";
		};
		BFFC3DE61C81526D00A11209 /* LaunchScreen.storyboard */ = {
			isa = PBXVariantGroup;
			children = (
				BFFC3DE71C81526D00A11209 /* Base */,
			);
			name = LaunchScreen.storyboard;
			sourceTree = "<group>";
		};
/* End PBXVariantGroup section */

/* Begin XCBuildConfiguration section */
		BFFC3DEA1C81526D00A11209 /* Debug */ = {
			isa = XCBuildConfiguration;
			buildSettings = {
				ALWAYS_SEARCH_USER_PATHS = NO;
				CLANG_CXX_LANGUAGE_STANDARD = "gnu++0x";
				CLANG_CXX_LIBRARY = "libc++";
				CLANG_ENABLE_MODULES = YES;
				CLANG_ENABLE_OBJC_ARC = YES;
				CLANG_WARN_BOOL_CONVERSION = YES;
				CLANG_WARN_CONSTANT_CONVERSION = YES;
				CLANG_WARN_DIRECT_OBJC_ISA_USAGE = YES_ERROR;
				CLANG_WARN_EMPTY_BODY = YES;
				CLANG_WARN_ENUM_CONVERSION = YES;
				CLANG_WARN_INT_CONVERSION = YES;
				CLANG_WARN_OBJC_ROOT_CLASS = YES_ERROR;
				CLANG_WARN_UNREACHABLE_CODE = YES;
				CLANG_WARN__DUPLICATE_METHOD_MATCH = YES;
				"CODE_SIGN_IDENTITY[sdk=iphoneos*]" = "iPhone Developer";
				COPY_PHASE_STRIP = NO;
				DEBUG_INFORMATION_FORMAT = dwarf;
				ENABLE_STRICT_OBJC_MSGSEND = YES;
				ENABLE_TESTABILITY = YES;
				GCC_C_LANGUAGE_STANDARD = gnu99;
				GCC_DYNAMIC_NO_PIC = NO;
				GCC_NO_COMMON_BLOCKS = YES;
				GCC_OPTIMIZATION_LEVEL = 0;
				GCC_PREPROCESSOR_DEFINITIONS = (
					"DEBUG=1",
					"$(inherited)",
				);
				GCC_WARN_64_TO_32_BIT_CONVERSION = YES;
				GCC_WARN_ABOUT_RETURN_TYPE = YES_ERROR;
				GCC_WARN_UNDECLARED_SELECTOR = YES;
				GCC_WARN_UNINITIALIZED_AUTOS = YES_AGGRESSIVE;
				GCC_WARN_UNUSED_FUNCTION = YES;
				GCC_WARN_UNUSED_VARIABLE = YES;
				IPHONEOS_DEPLOYMENT_TARGET = 9.2;
				MTL_ENABLE_DEBUG_INFO = YES;
				ONLY_ACTIVE_ARCH = YES;
				SDKROOT = iphoneos;
				SWIFT_OPTIMIZATION_LEVEL = "-Onone";
			};
			name = Debug;
		};
		BFFC3DEB1C81526D00A11209 /* Release */ = {
			isa = XCBuildConfiguration;
			buildSettings = {
				ALWAYS_SEARCH_USER_PATHS = NO;
				CLANG_CXX_LANGUAGE_STANDARD = "gnu++0x";
				CLANG_CXX_LIBRARY = "libc++";
				CLANG_ENABLE_MODULES = YES;
				CLANG_ENABLE_OBJC_ARC = YES;
				CLANG_WARN_BOOL_CONVERSION = YES;
				CLANG_WARN_CONSTANT_CONVERSION = YES;
				CLANG_WARN_DIRECT_OBJC_ISA_USAGE = YES_ERROR;
				CLANG_WARN_EMPTY_BODY = YES;
				CLANG_WARN_ENUM_CONVERSION = YES;
				CLANG_WARN_INT_CONVERSION = YES;
				CLANG_WARN_OBJC_ROOT_CLASS = YES_ERROR;
				CLANG_WARN_UNREACHABLE_CODE = YES;
				CLANG_WARN__DUPLICATE_METHOD_MATCH = YES;
				"CODE_SIGN_IDENTITY[sdk=iphoneos*]" = "iPhone Developer";
				COPY_PHASE_STRIP = NO;
				DEBUG_INFORMATION_FORMAT = "dwarf-with-dsym";
				ENABLE_NS_ASSERTIONS = NO;
				ENABLE_STRICT_OBJC_MSGSEND = YES;
				GCC_C_LANGUAGE_STANDARD = gnu99;
				GCC_NO_COMMON_BLOCKS = YES;
				GCC_WARN_64_TO_32_BIT_CONVERSION = YES;
				GCC_WARN_ABOUT_RETURN_TYPE = YES_ERROR;
				GCC_WARN_UNDECLARED_SELECTOR = YES;
				GCC_WARN_UNINITIALIZED_AUTOS = YES_AGGRESSIVE;
				GCC_WARN_UNUSED_FUNCTION = YES;
				GCC_WARN_UNUSED_VARIABLE = YES;
				IPHONEOS_DEPLOYMENT_TARGET = 9.2;
				MTL_ENABLE_DEBUG_INFO = NO;
				SDKROOT = iphoneos;
				VALIDATE_PRODUCT = YES;
			};
			name = Release;
		};
		BFFC3DED1C81526E00A11209 /* Debug */ = {
			isa = XCBuildConfiguration;
			buildSettings = {
				ASSETCATALOG_COMPILER_APPICON_NAME = AppIcon;
				INFOPLIST_FILE = "Pitch Perfect/Info.plist";
				LD_RUNPATH_SEARCH_PATHS = "$(inherited) @executable_path/Frameworks";
				PRODUCT_BUNDLE_IDENTIFIER = "com.gmail.allen.czerwinski.Pitch-Perfect";
				PRODUCT_NAME = "$(TARGET_NAME)";
			};
			name = Debug;
		};
		BFFC3DEE1C81526E00A11209 /* Release */ = {
			isa = XCBuildConfiguration;
			buildSettings = {
				ASSETCATALOG_COMPILER_APPICON_NAME = AppIcon;
				INFOPLIST_FILE = "Pitch Perfect/Info.plist";
				LD_RUNPATH_SEARCH_PATHS = "$(inherited) @executable_path/Frameworks";
				PRODUCT_BUNDLE_IDENTIFIER = "com.gmail.allen.czerwinski.Pitch-Perfect";
				PRODUCT_NAME = "$(TARGET_NAME)";
			};
			name = Release;
		};
/* End XCBuildConfiguration section */

/* Begin XCConfigurationList section */
		BFFC3DD51C81526D00A11209 /* Build configuration list for PBXProject "Pitch Perfect" */ = {
			isa = XCConfigurationList;
			buildConfigurations = (
				BFFC3DEA1C81526D00A11209 /* Debug */,
				BFFC3DEB1C81526D00A11209 /* Release */,
			);
			defaultConfigurationIsVisible = 0;
			defaultConfigurationName = Release;
		};
		BFFC3DEC1C81526E00A11209 /* Build configuration list for PBXNativeTarget "Pitch Perfect" */ = {
			isa = XCConfigurationList;
			buildConfigurations = (
				BFFC3DED1C81526E00A11209 /* Debug */,
				BFFC3DEE1C81526E00A11209 /* Release */,
			);
			defaultConfigurationIsVisible = 0;
		};
/* End XCConfigurationList section */
	};
	rootObject = BFFC3DD21C81526D00A11209 /* Project object */;
}
